
Microsoft Visual Studio Solution File, Format Version 12.00
Project("{FAE04EC0-301F-11D3-BF4B-00C04F79EFBC}") = "AccessGranted", "AccessGranted\AccessGranted.csproj", "{EC3CB705-E890-4FFC-B926-2F8D43E60059}"
EndProject
Global
	GlobalSection(SolutionConfigurationPlatforms) = preSolution
		Debug|Any CPU = Debug|Any CPU
		Release|Any CPU = Release|Any CPU
	EndGlobalSection
	GlobalSection(ProjectConfigurationPlatforms) = postSolution
		{EC3CB705-E890-4FFC-B926-2F8D43E60059}.Debug|Any CPU.ActiveCfg = Debug|Any CPU
		{EC3CB705-E890-4FFC-B926-2F8D43E60059}.Debug|Any CPU.Build.0 = Debug|Any CPU
		{EC3CB705-E890-4FFC-B926-2F8D43E60059}.Release|Any CPU.ActiveCfg = Release|Any CPU
		{EC3CB705-E890-4FFC-B926-2F8D43E60059}.Release|Any CPU.Build.0 = Release|Any CPU
	EndGlobalSection
EndGlobal
